// !$*UTF8*$!
{
	archiveVersion = 1;
	classes = {
	};
	objectVersion = 48;
	objects = {

/* Begin PBXBuildFile section */
		543BD675208536880092E0A3 /* MainMenuScene.swift in Sources */ = {isa = PBXBuildFile; fileRef = 543BD674208536880092E0A3 /* MainMenuScene.swift */; };
		543BD67720853FDF0092E0A3 /* October Crow.ttf in Resources */ = {isa = PBXBuildFile; fileRef = 543BD67620853FDF0092E0A3 /* October Crow.ttf */; };
		5495D0BB208F9E1500147155 /* Enemy.swift in Sources */ = {isa = PBXBuildFile; fileRef = 5495D0BA208F9E1500147155 /* Enemy.swift */; };
		BD6148BC2084C1250046960B /* AppDelegate.swift in Sources */ = {isa = PBXBuildFile; fileRef = BD6148BB2084C1250046960B /* AppDelegate.swift */; };
		BD6148C22084C1250046960B /* GameScene.swift in Sources */ = {isa = PBXBuildFile; fileRef = BD6148C12084C1250046960B /* GameScene.swift */; };
		BD6148C42084C1250046960B /* GameViewController.swift in Sources */ = {isa = PBXBuildFile; fileRef = BD6148C32084C1250046960B /* GameViewController.swift */; };
		BD6148C72084C1250046960B /* Main.storyboard in Resources */ = {isa = PBXBuildFile; fileRef = BD6148C52084C1250046960B /* Main.storyboard */; };
		BD6148C92084C1250046960B /* Assets.xcassets in Resources */ = {isa = PBXBuildFile; fileRef = BD6148C82084C1250046960B /* Assets.xcassets */; };
		BD6148CC2084C1250046960B /* LaunchScreen.storyboard in Resources */ = {isa = PBXBuildFile; fileRef = BD6148CA2084C1250046960B /* LaunchScreen.storyboard */; };
/* End PBXBuildFile section */

/* Begin PBXFileReference section */
		543BD66D20852E5E0092E0A3 /* font_license.md */ = {isa = PBXFileReference; lastKnownFileType = net.daringfireball.markdown; path = font_license.md; sourceTree = "<group>"; };
		543BD674208536880092E0A3 /* MainMenuScene.swift */ = {isa = PBXFileReference; lastKnownFileType = sourcecode.swift; path = MainMenuScene.swift; sourceTree = "<group>"; };
		543BD67620853FDF0092E0A3 /* October Crow.ttf */ = {isa = PBXFileReference; lastKnownFileType = file; path = "October Crow.ttf"; sourceTree = "<group>"; };
		5495D0BA208F9E1500147155 /* Enemy.swift */ = {isa = PBXFileReference; lastKnownFileType = sourcecode.swift; path = Enemy.swift; sourceTree = "<group>"; };
		BD6148B82084C1250046960B /* d-fence.app */ = {isa = PBXFileReference; explicitFileType = wrapper.application; includeInIndex = 0; path = "d-fence.app"; sourceTree = BUILT_PRODUCTS_DIR; };
		BD6148BB2084C1250046960B /* AppDelegate.swift */ = {isa = PBXFileReference; lastKnownFileType = sourcecode.swift; path = AppDelegate.swift; sourceTree = "<group>"; };
		BD6148C12084C1250046960B /* GameScene.swift */ = {isa = PBXFileReference; lastKnownFileType = sourcecode.swift; path = GameScene.swift; sourceTree = "<group>"; };
		BD6148C32084C1250046960B /* GameViewController.swift */ = {isa = PBXFileReference; lastKnownFileType = sourcecode.swift; path = GameViewController.swift; sourceTree = "<group>"; };
		BD6148C62084C1250046960B /* Base */ = {isa = PBXFileReference; lastKnownFileType = file.storyboard; name = Base; path = Base.lproj/Main.storyboard; sourceTree = "<group>"; };
		BD6148C82084C1250046960B /* Assets.xcassets */ = {isa = PBXFileReference; lastKnownFileType = folder.assetcatalog; path = Assets.xcassets; sourceTree = "<group>"; };
		BD6148CB2084C1250046960B /* Base */ = {isa = PBXFileReference; lastKnownFileType = file.storyboard; name = Base; path = Base.lproj/LaunchScreen.storyboard; sourceTree = "<group>"; };
		BD6148CD2084C1250046960B /* Info.plist */ = {isa = PBXFileReference; lastKnownFileType = text.plist.xml; path = Info.plist; sourceTree = "<group>"; };
/* End PBXFileReference section */

/* Begin PBXFrameworksBuildPhase section */
		BD6148B52084C1250046960B /* Frameworks */ = {
			isa = PBXFrameworksBuildPhase;
			buildActionMask = 2147483647;
			files = (
			);
			runOnlyForDeploymentPostprocessing = 0;
		};
/* End PBXFrameworksBuildPhase section */

/* Begin PBXGroup section */
		BD6148AF2084C1250046960B = {
			isa = PBXGroup;
			children = (
				BD6148BA2084C1250046960B /* d-fence */,
				BD6148B92084C1250046960B /* Products */,
			);
			sourceTree = "<group>";
		};
		BD6148B92084C1250046960B /* Products */ = {
			isa = PBXGroup;
			children = (
				BD6148B82084C1250046960B /* d-fence.app */,
			);
			name = Products;
			sourceTree = "<group>";
		};
		BD6148BA2084C1250046960B /* d-fence */ = {
			isa = PBXGroup;
			children = (
				BD6148BB2084C1250046960B /* AppDelegate.swift */,
				BD6148C12084C1250046960B /* GameScene.swift */,
				BD6148C32084C1250046960B /* GameViewController.swift */,
				BD6148C52084C1250046960B /* Main.storyboard */,
				BD6148C82084C1250046960B /* Assets.xcassets */,
				BD6148CA2084C1250046960B /* LaunchScreen.storyboard */,
				BD6148CD2084C1250046960B /* Info.plist */,
				543BD66D20852E5E0092E0A3 /* font_license.md */,
				543BD67620853FDF0092E0A3 /* October Crow.ttf */,
				543BD674208536880092E0A3 /* MainMenuScene.swift */,
				5495D0BA208F9E1500147155 /* Enemy.swift */,
			);
			path = "d-fence";
			sourceTree = "<group>";
		};
/* End PBXGroup section */

/* Begin PBXNativeTarget section */
		BD6148B72084C1250046960B /* d-fence */ = {
			isa = PBXNativeTarget;
			buildConfigurationList = BD6148D02084C1250046960B /* Build configuration list for PBXNativeTarget "d-fence" */;
			buildPhases = (
				BD6148B42084C1250046960B /* Sources */,
				BD6148B52084C1250046960B /* Frameworks */,
				BD6148B62084C1250046960B /* Resources */,
			);
			buildRules = (
			);
			dependencies = (
			);
			name = "d-fence";
			productName = "d-fence";
			productReference = BD6148B82084C1250046960B /* d-fence.app */;
			productType = "com.apple.product-type.application";
		};
/* End PBXNativeTarget section */

/* Begin PBXProject section */
		BD6148B02084C1250046960B /* Project object */ = {
			isa = PBXProject;
			attributes = {
				LastSwiftUpdateCheck = 0920;
				LastUpgradeCheck = 0930;
				ORGANIZATIONNAME = zom;
				TargetAttributes = {
					BD6148B72084C1250046960B = {
						CreatedOnToolsVersion = 9.2;
						ProvisioningStyle = Automatic;
					};
				};
			};
			buildConfigurationList = BD6148B32084C1250046960B /* Build configuration list for PBXProject "d-fence" */;
			compatibilityVersion = "Xcode 8.0";
			developmentRegion = en;
			hasScannedForEncodings = 0;
			knownRegions = (
				en,
				Base,
			);
			mainGroup = BD6148AF2084C1250046960B;
			productRefGroup = BD6148B92084C1250046960B /* Products */;
			projectDirPath = "";
			projectRoot = "";
			targets = (
				BD6148B72084C1250046960B /* d-fence */,
			);
		};
/* End PBXProject section */

/* Begin PBXResourcesBuildPhase section */
		BD6148B62084C1250046960B /* Resources */ = {
			isa = PBXResourcesBuildPhase;
			buildActionMask = 2147483647;
			files = (
				BD6148C72084C1250046960B /* Main.storyboard in Resources */,
				543BD67720853FDF0092E0A3 /* October Crow.ttf in Resources */,
				BD6148C92084C1250046960B /* Assets.xcassets in Resources */,
				BD6148CC2084C1250046960B /* LaunchScreen.storyboard in Resources */,
			);
			runOnlyForDeploymentPostprocessing = 0;
		};
/* End PBXResourcesBuildPhase section */

/* Begin PBXSourcesBuildPhase section */
		BD6148B42084C1250046960B /* Sources */ = {
			isa = PBXSourcesBuildPhase;
			buildActionMask = 2147483647;
			files = (
				BD6148C22084C1250046960B /* GameScene.swift in Sources */,
				5495D0BB208F9E1500147155 /* Enemy.swift in Sources */,
				BD6148C42084C1250046960B /* GameViewController.swift in Sources */,
				BD6148BC2084C1250046960B /* AppDelegate.swift in Sources */,
				543BD675208536880092E0A3 /* MainMenuScene.swift in Sources */,
			);
			runOnlyForDeploymentPostprocessing = 0;
		};
/* End PBXSourcesBuildPhase section */

/* Begin PBXVariantGroup section */
		BD6148C52084C1250046960B /* Main.storyboard */ = {
			isa = PBXVariantGroup;
			children = (
				BD6148C62084C1250046960B /* Base */,
			);
			name = Main.storyboard;
			sourceTree = "<group>";
		};
		BD6148CA2084C1250046960B /* LaunchScreen.storyboard */ = {
			isa = PBXVariantGroup;
			children = (
				BD6148CB2084C1250046960B /* Base */,
			);
			name = LaunchScreen.storyboard;
			sourceTree = "<group>";
		};
/* End PBXVariantGroup section */

/* Begin XCBuildConfiguration section */
		BD6148CE2084C1250046960B /* Debug */ = {
			isa = XCBuildConfiguration;
			buildSettings = {
				ALWAYS_SEARCH_USER_PATHS = NO;
				CLANG_ANALYZER_NONNULL = YES;
				CLANG_ANALYZER_NUMBER_OBJECT_CONVERSION = YES_AGGRESSIVE;
				CLANG_CXX_LANGUAGE_STANDARD = "gnu++14";
				CLANG_CXX_LIBRARY = "libc++";
				CLANG_ENABLE_MODULES = YES;
				CLANG_ENABLE_OBJC_ARC = YES;
				CLANG_WARN_BLOCK_CAPTURE_AUTORELEASING = YES;
				CLANG_WARN_BOOL_CONVERSION = YES;
				CLANG_WARN_COMMA = YES;
				CLANG_WARN_CONSTANT_CONVERSION = YES;
				CLANG_WARN_DEPRECATED_OBJC_IMPLEMENTATIONS = YES;
				CLANG_WARN_DIRECT_OBJC_ISA_USAGE = YES_ERROR;
				CLANG_WARN_DOCUMENTATION_COMMENTS = YES;
				CLANG_WARN_EMPTY_BODY = YES;
				CLANG_WARN_ENUM_CONVERSION = YES;
				CLANG_WARN_INFINITE_RECURSION = YES;
				CLANG_WARN_INT_CONVERSION = YES;
				CLANG_WARN_NON_LITERAL_NULL_CONVERSION = YES;
				CLANG_WARN_OBJC_IMPLICIT_RETAIN_SELF = YES;
				CLANG_WARN_OBJC_LITERAL_CONVERSION = YES;
				CLANG_WARN_OBJC_ROOT_CLASS = YES_ERROR;
				CLANG_WARN_RANGE_LOOP_ANALYSIS = YES;
				CLANG_WARN_STRICT_PROTOTYPES = YES;
				CLANG_WARN_SUSPICIOUS_MOVE = YES;
				CLANG_WARN_UNGUARDED_AVAILABILITY = YES_AGGRESSIVE;
				CLANG_WARN_UNREACHABLE_CODE = YES;
				CLANG_WARN__DUPLICATE_METHOD_MATCH = YES;
				CODE_SIGN_IDENTITY = "iPhone Developer";
				COPY_PHASE_STRIP = NO;
				DEBUG_INFORMATION_FORMAT = dwarf;
				ENABLE_STRICT_OBJC_MSGSEND = YES;
				ENABLE_TESTABILITY = YES;
				GCC_C_LANGUAGE_STANDARD = gnu11;
				GCC_DYNAMIC_NO_PIC = NO;
				GCC_NO_COMMON_BLOCKS = YES;
				GCC_OPTIMIZATION_LEVEL = 0;
				GCC_PREPROCESSOR_DEFINITIONS = (
					"DEBUG=1",
					"$(inherited)",
				);
				GCC_WARN_64_TO_32_BIT_CONVERSION = YES;
				GCC_WARN_ABOUT_RETURN_TYPE = YES_ERROR;
				GCC_WARN_UNDECLARED_SELECTOR = YES;
				GCC_WARN_UNINITIALIZED_AUTOS = YES_AGGRESSIVE;
				GCC_WARN_UNUSED_FUNCTION = YES;
				GCC_WARN_UNUSED_VARIABLE = YES;
				IPHONEOS_DEPLOYMENT_TARGET = 11.2;
				MTL_ENABLE_DEBUG_INFO = YES;
				ONLY_ACTIVE_ARCH = YES;
				SDKROOT = iphoneos;
				SWIFT_ACTIVE_COMPILATION_CONDITIONS = DEBUG;
				SWIFT_OPTIMIZATION_LEVEL = "-Onone";
			};
			name = Debug;
		};
		BD6148CF2084C1250046960B /* Release */ = {
			isa = XCBuildConfiguration;
			buildSettings = {
				ALWAYS_SEARCH_USER_PATHS = NO;
				CLANG_ANALYZER_NONNULL = YES;
				CLANG_ANALYZER_NUMBER_OBJECT_CONVERSION = YES_AGGRESSIVE;
				CLANG_CXX_LANGUAGE_STANDARD = "gnu++14";
				CLANG_CXX_LIBRARY = "libc++";
				CLANG_ENABLE_MODULES = YES;
				CLANG_ENABLE_OBJC_ARC = YES;
				CLANG_WARN_BLOCK_CAPTURE_AUTORELEASING = YES;
				CLANG_WARN_BOOL_CONVERSION = YES;
				CLANG_WARN_COMMA = YES;
				CLANG_WARN_CONSTANT_CONVERSION = YES;
				CLANG_WARN_DEPRECATED_OBJC_IMPLEMENTATIONS = YES;
				CLANG_WARN_DIRECT_OBJC_ISA_USAGE = YES_ERROR;
				CLANG_WARN_DOCUMENTATION_COMMENTS = YES;
				CLANG_WARN_EMPTY_BODY = YES;
				CLANG_WARN_ENUM_CONVERSION = YES;
				CLANG_WARN_INFINITE_RECURSION = YES;
				CLANG_WARN_INT_CONVERSION = YES;
				CLANG_WARN_NON_LITERAL_NULL_CONVERSION = YES;
				CLANG_WARN_OBJC_IMPLICIT_RETAIN_SELF = YES;
				CLANG_WARN_OBJC_LITERAL_CONVERSION = YES;
				CLANG_WARN_OBJC_ROOT_CLASS = YES_ERROR;
				CLANG_WARN_RANGE_LOOP_ANALYSIS = YES;
				CLANG_WARN_STRICT_PROTOTYPES = YES;
				CLANG_WARN_SUSPICIOUS_MOVE = YES;
				CLANG_WARN_UNGUARDED_AVAILABILITY = YES_AGGRESSIVE;
				CLANG_WARN_UNREACHABLE_CODE = YES;
				CLANG_WARN__DUPLICATE_METHOD_MATCH = YES;
				CODE_SIGN_IDENTITY = "iPhone Developer";
				COPY_PHASE_STRIP = NO;
				DEBUG_INFORMATION_FORMAT = "dwarf-with-dsym";
				ENABLE_NS_ASSERTIONS = NO;
				ENABLE_STRICT_OBJC_MSGSEND = YES;
				GCC_C_LANGUAGE_STANDARD = gnu11;
				GCC_NO_COMMON_BLOCKS = YES;
				GCC_WARN_64_TO_32_BIT_CONVERSION = YES;
				GCC_WARN_ABOUT_RETURN_TYPE = YES_ERROR;
				GCC_WARN_UNDECLARED_SELECTOR = YES;
				GCC_WARN_UNINITIALIZED_AUTOS = YES_AGGRESSIVE;
				GCC_WARN_UNUSED_FUNCTION = YES;
				GCC_WARN_UNUSED_VARIABLE = YES;
				IPHONEOS_DEPLOYMENT_TARGET = 11.2;
				MTL_ENABLE_DEBUG_INFO = NO;
				SDKROOT = iphoneos;
				SWIFT_OPTIMIZATION_LEVEL = "-Owholemodule";
				VALIDATE_PRODUCT = YES;
			};
			name = Release;
		};
		BD6148D12084C1250046960B /* Debug */ = {
			isa = XCBuildConfiguration;
			buildSettings = {
				ASSETCATALOG_COMPILER_APPICON_NAME = AppIcon;
				CODE_SIGN_STYLE = Automatic;
				DEVELOPMENT_TEAM = WHPJN3A468;
				INFOPLIST_FILE = "d-fence/Info.plist";
				LD_RUNPATH_SEARCH_PATHS = "$(inherited) @executable_path/Frameworks";
				PRODUCT_BUNDLE_IDENTIFIER = "com.zom.d-fence";
				PRODUCT_NAME = "$(TARGET_NAME)";
				SWIFT_VERSION = 4.0;
				TARGETED_DEVICE_FAMILY = 1;
			};
			name = Debug;
		};
		BD6148D22084C1250046960B /* Release */ = {
			isa = XCBuildConfiguration;
			buildSettings = {
				ASSETCATALOG_COMPILER_APPICON_NAME = AppIcon;
				CODE_SIGN_STYLE = Automatic;
				DEVELOPMENT_TEAM = WHPJN3A468;
				INFOPLIST_FILE = "d-fence/Info.plist";
				LD_RUNPATH_SEARCH_PATHS = "$(inherited) @executable_path/Frameworks";
				PRODUCT_BUNDLE_IDENTIFIER = "com.zom.d-fence";
				PRODUCT_NAME = "$(TARGET_NAME)";
				SWIFT_VERSION = 4.0;
				TARGETED_DEVICE_FAMILY = 1;
			};
			name = Release;
		};
/* End XCBuildConfiguration section */

/* Begin XCConfigurationList section */
		BD6148B32084C1250046960B /* Build configuration list for PBXProject "d-fence" */ = {
			isa = XCConfigurationList;
			buildConfigurations = (
				BD6148CE2084C1250046960B /* Debug */,
				BD6148CF2084C1250046960B /* Release */,
			);
			defaultConfigurationIsVisible = 0;
			defaultConfigurationName = Release;
		};
		BD6148D02084C1250046960B /* Build configuration list for PBXNativeTarget "d-fence" */ = {
			isa = XCConfigurationList;
			buildConfigurations = (
				BD6148D12084C1250046960B /* Debug */,
				BD6148D22084C1250046960B /* Release */,
			);
			defaultConfigurationIsVisible = 0;
			defaultConfigurationName = Release;
		};
/* End XCConfigurationList section */
	};
	rootObject = BD6148B02084C1250046960B /* Project object */;
}
